
Microsoft Visual Studio Solution File, Format Version 12.00
# Visual Studio Version 16
VisualStudioVersion = 16.0.29613.14
MinimumVisualStudioVersion = 10.0.40219.1
Project("{FAE04EC0-301F-11D3-BF4B-00C04F79EFBC}") = "SFTP", "SFTP.csproj", "{F3764D6F-604E-47BC-AAF8-3335D288299F}"
EndProject
Global
	GlobalSection(SolutionConfigurationPlatforms) = preSolution
		Debug|Any CPU = Debug|Any CPU
		Release|Any CPU = Release|Any CPU
	EndGlobalSection
	GlobalSection(ProjectConfigurationPlatforms) = postSolution
		{F3764D6F-604E-47BC-AAF8-3335D288299F}.Debug|Any CPU.ActiveCfg = Debug|Any CPU
		{F3764D6F-604E-47BC-AAF8-3335D288299F}.Debug|Any CPU.Build.0 = Debug|Any CPU
		{F3764D6F-604E-47BC-AAF8-3335D288299F}.Release|Any CPU.ActiveCfg = Release|Any CPU
		{F3764D6F-604E-47BC-AAF8-3335D288299F}.Release|Any CPU.Build.0 = Release|Any CPU
	EndGlobalSection
	GlobalSection(SolutionProperties) = preSolution
		HideSolutionNode = FALSE
	EndGlobalSection
	GlobalSection(ExtensibilityGlobals) = postSolution
		SolutionGuid = {D797E56D-E843-49A7-95BD-F4D3235ABC43}
	EndGlobalSection
EndGlobal
